// !$*UTF8*$!
{
	archiveVersion = 1;
	classes = {
	};
	objectVersion = 46;
	objects = {

/* Begin PBXBuildFile section */
		00708B921A6A59A80077AE7C /* main.m in Sources */ = {isa = PBXBuildFile; fileRef = 00708B911A6A59A80077AE7C /* main.m */; };
		00708B951A6A59A80077AE7C /* AppDelegate.m in Sources */ = {isa = PBXBuildFile; fileRef = 00708B941A6A59A80077AE7C /* AppDelegate.m */; };
		00708B981A6A59A80077AE7C /* ViewController.m in Sources */ = {isa = PBXBuildFile; fileRef = 00708B971A6A59A80077AE7C /* ViewController.m */; };
		00708B9B1A6A59A80077AE7C /* Main.storyboard in Resources */ = {isa = PBXBuildFile; fileRef = 00708B991A6A59A80077AE7C /* Main.storyboard */; };
		00708B9D1A6A59A80077AE7C /* Images.xcassets in Resources */ = {isa = PBXBuildFile; fileRef = 00708B9C1A6A59A80077AE7C /* Images.xcassets */; };
		00708BA01A6A59A80077AE7C /* LaunchScreen.xib in Resources */ = {isa = PBXBuildFile; fileRef = 00708B9E1A6A59A80077AE7C /* LaunchScreen.xib */; };
		00708BAC1A6A59A80077AE7C /* countbattleTests.m in Sources */ = {isa = PBXBuildFile; fileRef = 00708BAB1A6A59A80077AE7C /* countbattleTests.m */; };
/* End PBXBuildFile section */

/* Begin PBXContainerItemProxy section */
		00708BA61A6A59A80077AE7C /* PBXContainerItemProxy */ = {
			isa = PBXContainerItemProxy;
			containerPortal = 00708B841A6A59A80077AE7C /* Project object */;
			proxyType = 1;
			remoteGlobalIDString = 00708B8B1A6A59A80077AE7C;
			remoteInfo = countbattle;
		};
/* End PBXContainerItemProxy section */

/* Begin PBXFileReference section */
		00708B8C1A6A59A80077AE7C /* countbattle.app */ = {isa = PBXFileReference; explicitFileType = wrapper.application; includeInIndex = 0; path = countbattle.app; sourceTree = BUILT_PRODUCTS_DIR; };
		00708B901A6A59A80077AE7C /* Info.plist */ = {isa = PBXFileReference; lastKnownFileType = text.plist.xml; path = Info.plist; sourceTree = "<group>"; };
		00708B911A6A59A80077AE7C /* main.m */ = {isa = PBXFileReference; lastKnownFileType = sourcecode.c.objc; path = main.m; sourceTree = "<group>"; };
		00708B931A6A59A80077AE7C /* AppDelegate.h */ = {isa = PBXFileReference; lastKnownFileType = sourcecode.c.h; path = AppDelegate.h; sourceTree = "<group>"; };
		00708B941A6A59A80077AE7C /* AppDelegate.m */ = {isa = PBXFileReference; lastKnownFileType = sourcecode.c.objc; path = AppDelegate.m; sourceTree = "<group>"; };
		00708B961A6A59A80077AE7C /* ViewController.h */ = {isa = PBXFileReference; lastKnownFileType = sourcecode.c.h; path = ViewController.h; sourceTree = "<group>"; };
		00708B971A6A59A80077AE7C /* ViewController.m */ = {isa = PBXFileReference; lastKnownFileType = sourcecode.c.objc; path = ViewController.m; sourceTree = "<group>"; };
		00708B9A1A6A59A80077AE7C /* Base */ = {isa = PBXFileReference; lastKnownFileType = file.storyboard; name = Base; path = Base.lproj/Main.storyboard; sourceTree = "<group>"; };
		00708B9C1A6A59A80077AE7C /* Images.xcassets */ = {isa = PBXFileReference; lastKnownFileType = folder.assetcatalog; path = Images.xcassets; sourceTree = "<group>"; };
		00708B9F1A6A59A80077AE7C /* Base */ = {isa = PBXFileReference; lastKnownFileType = file.xib; name = Base; path = Base.lproj/LaunchScreen.xib; sourceTree = "<group>"; };
		00708BA51A6A59A80077AE7C /* countbattleTests.xctest */ = {isa = PBXFileReference; explicitFileType = wrapper.cfbundle; includeInIndex = 0; path = countbattleTests.xctest; sourceTree = BUILT_PRODUCTS_DIR; };
		00708BAA1A6A59A80077AE7C /* Info.plist */ = {isa = PBXFileReference; lastKnownFileType = text.plist.xml; path = Info.plist; sourceTree = "<group>"; };
		00708BAB1A6A59A80077AE7C /* countbattleTests.m */ = {isa = PBXFileReference; lastKnownFileType = sourcecode.c.objc; path = countbattleTests.m; sourceTree = "<group>"; };
/* End PBXFileReference section */

/* Begin PBXFrameworksBuildPhase section */
		00708B891A6A59A80077AE7C /* Frameworks */ = {
			isa = PBXFrameworksBuildPhase;
			buildActionMask = 2147483647;
			files = (
			);
			runOnlyForDeploymentPostprocessing = 0;
		};
		00708BA21A6A59A80077AE7C /* Frameworks */ = {
			isa = PBXFrameworksBuildPhase;
			buildActionMask = 2147483647;
			files = (
			);
			runOnlyForDeploymentPostprocessing = 0;
		};
/* End PBXFrameworksBuildPhase section */

/* Begin PBXGroup section */
		00708B831A6A59A80077AE7C = {
			isa = PBXGroup;
			children = (
				00708B8E1A6A59A80077AE7C /* countbattle */,
				00708BA81A6A59A80077AE7C /* countbattleTests */,
				00708B8D1A6A59A80077AE7C /* Products */,
			);
			sourceTree = "<group>";
		};
		00708B8D1A6A59A80077AE7C /* Products */ = {
			isa = PBXGroup;
			children = (
				00708B8C1A6A59A80077AE7C /* countbattle.app */,
				00708BA51A6A59A80077AE7C /* countbattleTests.xctest */,
			);
			name = Products;
			sourceTree = "<group>";
		};
		00708B8E1A6A59A80077AE7C /* countbattle */ = {
			isa = PBXGroup;
			children = (
				00708B931A6A59A80077AE7C /* AppDelegate.h */,
				00708B941A6A59A80077AE7C /* AppDelegate.m */,
				00708B961A6A59A80077AE7C /* ViewController.h */,
				00708B971A6A59A80077AE7C /* ViewController.m */,
				00708B991A6A59A80077AE7C /* Main.storyboard */,
				00708B9C1A6A59A80077AE7C /* Images.xcassets */,
				00708B9E1A6A59A80077AE7C /* LaunchScreen.xib */,
				00708B8F1A6A59A80077AE7C /* Supporting Files */,
			);
			path = countbattle;
			sourceTree = "<group>";
		};
		00708B8F1A6A59A80077AE7C /* Supporting Files */ = {
			isa = PBXGroup;
			children = (
				00708B901A6A59A80077AE7C /* Info.plist */,
				00708B911A6A59A80077AE7C /* main.m */,
			);
			name = "Supporting Files";
			sourceTree = "<group>";
		};
		00708BA81A6A59A80077AE7C /* countbattleTests */ = {
			isa = PBXGroup;
			children = (
				00708BAB1A6A59A80077AE7C /* countbattleTests.m */,
				00708BA91A6A59A80077AE7C /* Supporting Files */,
			);
			path = countbattleTests;
			sourceTree = "<group>";
		};
		00708BA91A6A59A80077AE7C /* Supporting Files */ = {
			isa = PBXGroup;
			children = (
				00708BAA1A6A59A80077AE7C /* Info.plist */,
			);
			name = "Supporting Files";
			sourceTree = "<group>";
		};
/* End PBXGroup section */

/* Begin PBXNativeTarget section */
		00708B8B1A6A59A80077AE7C /* countbattle */ = {
			isa = PBXNativeTarget;
			buildConfigurationList = 00708BAF1A6A59A80077AE7C /* Build configuration list for PBXNativeTarget "countbattle" */;
			buildPhases = (
				00708B881A6A59A80077AE7C /* Sources */,
				00708B891A6A59A80077AE7C /* Frameworks */,
				00708B8A1A6A59A80077AE7C /* Resources */,
			);
			buildRules = (
			);
			dependencies = (
			);
			name = countbattle;
			productName = countbattle;
			productReference = 00708B8C1A6A59A80077AE7C /* countbattle.app */;
			productType = "com.apple.product-type.application";
		};
		00708BA41A6A59A80077AE7C /* countbattleTests */ = {
			isa = PBXNativeTarget;
			buildConfigurationList = 00708BB21A6A59A80077AE7C /* Build configuration list for PBXNativeTarget "countbattleTests" */;
			buildPhases = (
				00708BA11A6A59A80077AE7C /* Sources */,
				00708BA21A6A59A80077AE7C /* Frameworks */,
				00708BA31A6A59A80077AE7C /* Resources */,
			);
			buildRules = (
			);
			dependencies = (
				00708BA71A6A59A80077AE7C /* PBXTargetDependency */,
			);
			name = countbattleTests;
			productName = countbattleTests;
			productReference = 00708BA51A6A59A80077AE7C /* countbattleTests.xctest */;
			productType = "com.apple.product-type.bundle.unit-test";
		};
/* End PBXNativeTarget section */

/* Begin PBXProject section */
		00708B841A6A59A80077AE7C /* Project object */ = {
			isa = PBXProject;
			attributes = {
				LastUpgradeCheck = 0610;
				ORGANIZATIONNAME = "A FURUTA";
				TargetAttributes = {
					00708B8B1A6A59A80077AE7C = {
						CreatedOnToolsVersion = 6.1.1;
					};
					00708BA41A6A59A80077AE7C = {
						CreatedOnToolsVersion = 6.1.1;
						TestTargetID = 00708B8B1A6A59A80077AE7C;
					};
				};
			};
			buildConfigurationList = 00708B871A6A59A80077AE7C /* Build configuration list for PBXProject "countbattle" */;
			compatibilityVersion = "Xcode 3.2";
			developmentRegion = English;
			hasScannedForEncodings = 0;
			knownRegions = (
				en,
				Base,
			);
			mainGroup = 00708B831A6A59A80077AE7C;
			productRefGroup = 00708B8D1A6A59A80077AE7C /* Products */;
			projectDirPath = "";
			projectRoot = "";
			targets = (
				00708B8B1A6A59A80077AE7C /* countbattle */,
				00708BA41A6A59A80077AE7C /* countbattleTests */,
			);
		};
/* End PBXProject section */

/* Begin PBXResourcesBuildPhase section */
		00708B8A1A6A59A80077AE7C /* Resources */ = {
			isa = PBXResourcesBuildPhase;
			buildActionMask = 2147483647;
			files = (
				00708B9B1A6A59A80077AE7C /* Main.storyboard in Resources */,
				00708BA01A6A59A80077AE7C /* LaunchScreen.xib in Resources */,
				00708B9D1A6A59A80077AE7C /* Images.xcassets in Resources */,
			);
			runOnlyForDeploymentPostprocessing = 0;
		};
		00708BA31A6A59A80077AE7C /* Resources */ = {
			isa = PBXResourcesBuildPhase;
			buildActionMask = 2147483647;
			files = (
			);
			runOnlyForDeploymentPostprocessing = 0;
		};
/* End PBXResourcesBuildPhase section */

/* Begin PBXSourcesBuildPhase section */
		00708B881A6A59A80077AE7C /* Sources */ = {
			isa = PBXSourcesBuildPhase;
			buildActionMask = 2147483647;
			files = (
				00708B981A6A59A80077AE7C /* ViewController.m in Sources */,
				00708B951A6A59A80077AE7C /* AppDelegate.m in Sources */,
				00708B921A6A59A80077AE7C /* main.m in Sources */,
			);
			runOnlyForDeploymentPostprocessing = 0;
		};
		00708BA11A6A59A80077AE7C /* Sources */ = {
			isa = PBXSourcesBuildPhase;
			buildActionMask = 2147483647;
			files = (
				00708BAC1A6A59A80077AE7C /* countbattleTests.m in Sources */,
			);
			runOnlyForDeploymentPostprocessing = 0;
		};
/* End PBXSourcesBuildPhase section */

/* Begin PBXTargetDependency section */
		00708BA71A6A59A80077AE7C /* PBXTargetDependency */ = {
			isa = PBXTargetDependency;
			target = 00708B8B1A6A59A80077AE7C /* countbattle */;
			targetProxy = 00708BA61A6A59A80077AE7C /* PBXContainerItemProxy */;
		};
/* End PBXTargetDependency section */

/* Begin PBXVariantGroup section */
		00708B991A6A59A80077AE7C /* Main.storyboard */ = {
			isa = PBXVariantGroup;
			children = (
				00708B9A1A6A59A80077AE7C /* Base */,
			);
			name = Main.storyboard;
			sourceTree = "<group>";
		};
		00708B9E1A6A59A80077AE7C /* LaunchScreen.xib */ = {
			isa = PBXVariantGroup;
			children = (
				00708B9F1A6A59A80077AE7C /* Base */,
			);
			name = LaunchScreen.xib;
			sourceTree = "<group>";
		};
/* End PBXVariantGroup section */

/* Begin XCBuildConfiguration section */
		00708BAD1A6A59A80077AE7C /* Debug */ = {
			isa = XCBuildConfiguration;
			buildSettings = {
				ALWAYS_SEARCH_USER_PATHS = NO;
				CLANG_CXX_LANGUAGE_STANDARD = "gnu++0x";
				CLANG_CXX_LIBRARY = "libc++";
				CLANG_ENABLE_MODULES = YES;
				CLANG_ENABLE_OBJC_ARC = YES;
				CLANG_WARN_BOOL_CONVERSION = YES;
				CLANG_WARN_CONSTANT_CONVERSION = YES;
				CLANG_WARN_DIRECT_OBJC_ISA_USAGE = YES_ERROR;
				CLANG_WARN_EMPTY_BODY = YES;
				CLANG_WARN_ENUM_CONVERSION = YES;
				CLANG_WARN_INT_CONVERSION = YES;
				CLANG_WARN_OBJC_ROOT_CLASS = YES_ERROR;
				CLANG_WARN_UNREACHABLE_CODE = YES;
				CLANG_WARN__DUPLICATE_METHOD_MATCH = YES;
				"CODE_SIGN_IDENTITY[sdk=iphoneos*]" = "iPhone Developer";
				COPY_PHASE_STRIP = NO;
				ENABLE_STRICT_OBJC_MSGSEND = YES;
				GCC_C_LANGUAGE_STANDARD = gnu99;
				GCC_DYNAMIC_NO_PIC = NO;
				GCC_OPTIMIZATION_LEVEL = 0;
				GCC_PREPROCESSOR_DEFINITIONS = (
					"DEBUG=1",
					"$(inherited)",
				);
				GCC_SYMBOLS_PRIVATE_EXTERN = NO;
				GCC_WARN_64_TO_32_BIT_CONVERSION = YES;
				GCC_WARN_ABOUT_RETURN_TYPE = YES_ERROR;
				GCC_WARN_UNDECLARED_SELECTOR = YES;
				GCC_WARN_UNINITIALIZED_AUTOS = YES_AGGRESSIVE;
				GCC_WARN_UNUSED_FUNCTION = YES;
				GCC_WARN_UNUSED_VARIABLE = YES;
				IPHONEOS_DEPLOYMENT_TARGET = 8.1;
				MTL_ENABLE_DEBUG_INFO = YES;
				ONLY_ACTIVE_ARCH = YES;
				SDKROOT = iphoneos;
			};
			name = Debug;
		};
		00708BAE1A6A59A80077AE7C /* Release */ = {
			isa = XCBuildConfiguration;
			buildSettings = {
				ALWAYS_SEARCH_USER_PATHS = NO;
				CLANG_CXX_LANGUAGE_STANDARD = "gnu++0x";
				CLANG_CXX_LIBRARY = "libc++";
				CLANG_ENABLE_MODULES = YES;
				CLANG_ENABLE_OBJC_ARC = YES;
				CLANG_WARN_BOOL_CONVERSION = YES;
				CLANG_WARN_CONSTANT_CONVERSION = YES;
				CLANG_WARN_DIRECT_OBJC_ISA_USAGE = YES_ERROR;
				CLANG_WARN_EMPTY_BODY = YES;
				CLANG_WARN_ENUM_CONVERSION = YES;
				CLANG_WARN_INT_CONVERSION = YES;
				CLANG_WARN_OBJC_ROOT_CLASS = YES_ERROR;
				CLANG_WARN_UNREACHABLE_CODE = YES;
				CLANG_WARN__DUPLICATE_METHOD_MATCH = YES;
				"CODE_SIGN_IDENTITY[sdk=iphoneos*]" = "iPhone Developer";
				COPY_PHASE_STRIP = YES;
				ENABLE_NS_ASSERTIONS = NO;
				ENABLE_STRICT_OBJC_MSGSEND = YES;
				GCC_C_LANGUAGE_STANDARD = gnu99;
				GCC_WARN_64_TO_32_BIT_CONVERSION = YES;
				GCC_WARN_ABOUT_RETURN_TYPE = YES_ERROR;
				GCC_WARN_UNDECLARED_SELECTOR = YES;
				GCC_WARN_UNINITIALIZED_AUTOS = YES_AGGRESSIVE;
				GCC_WARN_UNUSED_FUNCTION = YES;
				GCC_WARN_UNUSED_VARIABLE = YES;
				IPHONEOS_DEPLOYMENT_TARGET = 8.1;
				MTL_ENABLE_DEBUG_INFO = NO;
				SDKROOT = iphoneos;
				VALIDATE_PRODUCT = YES;
			};
			name = Release;
		};
		00708BB01A6A59A80077AE7C /* Debug */ = {
			isa = XCBuildConfiguration;
			buildSettings = {
				ASSETCATALOG_COMPILER_APPICON_NAME = AppIcon;
				INFOPLIST_FILE = countbattle/Info.plist;
				LD_RUNPATH_SEARCH_PATHS = "$(inherited) @executable_path/Frameworks";
				PRODUCT_NAME = "$(TARGET_NAME)";
			};
			name = Debug;
		};
		00708BB11A6A59A80077AE7C /* Release */ = {
			isa = XCBuildConfiguration;
			buildSettings = {
				ASSETCATALOG_COMPILER_APPICON_NAME = AppIcon;
				INFOPLIST_FILE = countbattle/Info.plist;
				LD_RUNPATH_SEARCH_PATHS = "$(inherited) @executable_path/Frameworks";
				PRODUCT_NAME = "$(TARGET_NAME)";
			};
			name = Release;
		};
		00708BB31A6A59A80077AE7C /* Debug */ = {
			isa = XCBuildConfiguration;
			buildSettings = {
				BUNDLE_LOADER = "$(TEST_HOST)";
				FRAMEWORK_SEARCH_PATHS = (
					"$(SDKROOT)/Developer/Library/Frameworks",
					"$(inherited)",
				);
				GCC_PREPROCESSOR_DEFINITIONS = (
					"DEBUG=1",
					"$(inherited)",
				);
				INFOPLIST_FILE = countbattleTests/Info.plist;
				LD_RUNPATH_SEARCH_PATHS = "$(inherited) @executable_path/Frameworks @loader_path/Frameworks";
				PRODUCT_NAME = "$(TARGET_NAME)";
				TEST_HOST = "$(BUILT_PRODUCTS_DIR)/countbattle.app/countbattle";
			};
			name = Debug;
		};
		00708BB41A6A59A80077AE7C /* Release */ = {
			isa = XCBuildConfiguration;
			buildSettings = {
				BUNDLE_LOADER = "$(TEST_HOST)";
				FRAMEWORK_SEARCH_PATHS = (
					"$(SDKROOT)/Developer/Library/Frameworks",
					"$(inherited)",
				);
				INFOPLIST_FILE = countbattleTests/Info.plist;
				LD_RUNPATH_SEARCH_PATHS = "$(inherited) @executable_path/Frameworks @loader_path/Frameworks";
				PRODUCT_NAME = "$(TARGET_NAME)";
				TEST_HOST = "$(BUILT_PRODUCTS_DIR)/countbattle.app/countbattle";
			};
			name = Release;
		};
/* End XCBuildConfiguration section */

/* Begin XCConfigurationList section */
		00708B871A6A59A80077AE7C /* Build configuration list for PBXProject "countbattle" */ = {
			isa = XCConfigurationList;
			buildConfigurations = (
				00708BAD1A6A59A80077AE7C /* Debug */,
				00708BAE1A6A59A80077AE7C /* Release */,
			);
			defaultConfigurationIsVisible = 0;
			defaultConfigurationName = Release;
		};
		00708BAF1A6A59A80077AE7C /* Build configuration list for PBXNativeTarget "countbattle" */ = {
			isa = XCConfigurationList;
			buildConfigurations = (
				00708BB01A6A59A80077AE7C /* Debug */,
				00708BB11A6A59A80077AE7C /* Release */,
			);
			defaultConfigurationIsVisible = 0;
		};
		00708BB21A6A59A80077AE7C /* Build configuration list for PBXNativeTarget "countbattleTests" */ = {
			isa = XCConfigurationList;
			buildConfigurations = (
				00708BB31A6A59A80077AE7C /* Debug */,
				00708BB41A6A59A80077AE7C /* Release */,
			);
			defaultConfigurationIsVisible = 0;
		};
/* End XCConfigurationList section */
	};
	rootObject = 00708B841A6A59A80077AE7C /* Project object */;
}
